{
  "name": "07-merkle-tree",
  "lockfileVersion": 3,
  "requires": true,
  "packages": {
    "": {
      "dependencies": {
        "merkletree": "^1.5.0"
      }
    },
    "node_modules/merkletree": {
      "version": "1.5.0",
      "resolved": "https://registry.npmjs.org/merkletree/-/merkletree-1.5.0.tgz",
      "integrity": "sha512-pyYQ0C4mw1CA2d2Vz1rGMCYqlH9WzXhocb0n4zLEhkK7RZ0lP8E1cXf2c/7mNkfq9XKhWkCJTdHOyRlqiU3Tjg=="
    }
  }
}
