{
  "name": "07-merkle-tree",
  "lockfileVersion": 3,
  "requires": true,
  "packages": {
    "": {
      "dependencies": {
        "merkletree": "^1.5.0",
        "prettier": "^2.8.8"
      }
    },
    "node_modules/merkletree": {
      "version": "1.5.0",
      "resolved": "https://registry.npmjs.org/merkletree/-/merkletree-1.5.0.tgz",
      "integrity": "sha512-pyYQ0C4mw1CA2d2Vz1rGMCYqlH9WzXhocb0n4zLEhkK7RZ0lP8E1cXf2c/7mNkfq9XKhWkCJTdHOyRlqiU3Tjg=="
    },
    "node_modules/prettier": {
      "version": "2.8.8",
      "resolved": "https://registry.npmjs.org/prettier/-/prettier-2.8.8.tgz",
      "integrity": "sha512-tdN8qQGvNjw4CHbY+XXk0JgCXn9QiF21a55rBe5LJAU+kDyC4WQn4+awm2Xfk2lQMk5fKup9XgzTZtGkjBdP9Q==",
      "bin": {
        "prettier": "bin-prettier.js"
      },
      "engines": {
        "node": ">=10.13.0"
      },
      "funding": {
        "url": "https://github.com/prettier/prettier?sponsor=1"
      }
    }
  }
}
